// !$*UTF8*$!
{
	archiveVersion = 1;
	classes = {
	};
	objectVersion = 46;
	objects = {

/* Begin PBXBuildFile section */
		419ABAD3199B634D00A1F96B /* Foundation.framework in Frameworks */ = {isa = PBXBuildFile; fileRef = 419ABAD2199B634D00A1F96B /* Foundation.framework */; };
		419ABAD5199B634D00A1F96B /* CoreGraphics.framework in Frameworks */ = {isa = PBXBuildFile; fileRef = 419ABAD4199B634D00A1F96B /* CoreGraphics.framework */; };
		419ABAD7199B634D00A1F96B /* UIKit.framework in Frameworks */ = {isa = PBXBuildFile; fileRef = 419ABAD6199B634D00A1F96B /* UIKit.framework */; };
		419ABADD199B634D00A1F96B /* InfoPlist.strings in Resources */ = {isa = PBXBuildFile; fileRef = 419ABADB199B634D00A1F96B /* InfoPlist.strings */; };
		419ABADF199B634D00A1F96B /* main.m in Sources */ = {isa = PBXBuildFile; fileRef = 419ABADE199B634D00A1F96B /* main.m */; };
		419ABAE3199B634D00A1F96B /* AppDelegate.m in Sources */ = {isa = PBXBuildFile; fileRef = 419ABAE2199B634D00A1F96B /* AppDelegate.m */; };
		419ABAE6199B634D00A1F96B /* Main.storyboard in Resources */ = {isa = PBXBuildFile; fileRef = 419ABAE4199B634D00A1F96B /* Main.storyboard */; };
		419ABAE9199B634D00A1F96B /* ViewController.m in Sources */ = {isa = PBXBuildFile; fileRef = 419ABAE8199B634D00A1F96B /* ViewController.m */; };
		419ABAEB199B634D00A1F96B /* Images.xcassets in Resources */ = {isa = PBXBuildFile; fileRef = 419ABAEA199B634D00A1F96B /* Images.xcassets */; };
		419ABAF2199B634D00A1F96B /* XCTest.framework in Frameworks */ = {isa = PBXBuildFile; fileRef = 419ABAF1199B634D00A1F96B /* XCTest.framework */; };
		419ABAF3199B634D00A1F96B /* Foundation.framework in Frameworks */ = {isa = PBXBuildFile; fileRef = 419ABAD2199B634D00A1F96B /* Foundation.framework */; };
		419ABAF4199B634D00A1F96B /* UIKit.framework in Frameworks */ = {isa = PBXBuildFile; fileRef = 419ABAD6199B634D00A1F96B /* UIKit.framework */; };
		419ABAFC199B634D00A1F96B /* InfoPlist.strings in Resources */ = {isa = PBXBuildFile; fileRef = 419ABAFA199B634D00A1F96B /* InfoPlist.strings */; };
		419ABAFE199B634D00A1F96B /* ConnectTheDotsTests.m in Sources */ = {isa = PBXBuildFile; fileRef = 419ABAFD199B634D00A1F96B /* ConnectTheDotsTests.m */; };
		419ABB09199B63C800A1F96B /* DrawingCanvas.m in Sources */ = {isa = PBXBuildFile; fileRef = 419ABB08199B63C800A1F96B /* DrawingCanvas.m */; };
		419ABB13199B647D00A1F96B /* bg.png in Resources */ = {isa = PBXBuildFile; fileRef = 419ABB0A199B647D00A1F96B /* bg.png */; };
		419ABB14199B647D00A1F96B /* blank strip.png in Resources */ = {isa = PBXBuildFile; fileRef = 419ABB0B199B647D00A1F96B /* blank strip.png */; };
		419ABB15199B647D00A1F96B /* dot.png in Resources */ = {isa = PBXBuildFile; fileRef = 419ABB0C199B647D00A1F96B /* dot.png */; };
		419ABB16199B647D00A1F96B /* game screen.png in Resources */ = {isa = PBXBuildFile; fileRef = 419ABB0D199B647D00A1F96B /* game screen.png */; };
		419ABB17199B647D00A1F96B /* instruction button.png in Resources */ = {isa = PBXBuildFile; fileRef = 419ABB0E199B647D00A1F96B /* instruction button.png */; };
		419ABB18199B647D00A1F96B /* main button.png in Resources */ = {isa = PBXBuildFile; fileRef = 419ABB0F199B647D00A1F96B /* main button.png */; };
		419ABB19199B647D00A1F96B /* msgs.png in Resources */ = {isa = PBXBuildFile; fileRef = 419ABB10199B647D00A1F96B /* msgs.png */; };
		419ABB1A199B647D00A1F96B /* restart.png in Resources */ = {isa = PBXBuildFile; fileRef = 419ABB11199B647D00A1F96B /* restart.png */; };
		419ABB1B199B647D00A1F96B /* splash screen.png in Resources */ = {isa = PBXBuildFile; fileRef = 419ABB12199B647D00A1F96B /* splash screen.png */; };
		419ABB1D199BF85000A1F96B /* Marbloro.mp4 in Resources */ = {isa = PBXBuildFile; fileRef = 419ABB1C199BF85000A1F96B /* Marbloro.mp4 */; };
		419ABB1F199BFB8100A1F96B /* AVFoundation.framework in Frameworks */ = {isa = PBXBuildFile; fileRef = 419ABB1E199BFB8100A1F96B /* AVFoundation.framework */; };
/* End PBXBuildFile section */

/* Begin PBXContainerItemProxy section */
		419ABAF5199B634D00A1F96B /* PBXContainerItemProxy */ = {
			isa = PBXContainerItemProxy;
			containerPortal = 419ABAC7199B634D00A1F96B /* Project object */;
			proxyType = 1;
			remoteGlobalIDString = 419ABACE199B634D00A1F96B;
			remoteInfo = ConnectTheDots;
		};
/* End PBXContainerItemProxy section */

/* Begin PBXFileReference section */
		419ABACF199B634D00A1F96B /* ConnectTheDots.app */ = {isa = PBXFileReference; explicitFileType = wrapper.application; includeInIndex = 0; path = ConnectTheDots.app; sourceTree = BUILT_PRODUCTS_DIR; };
		419ABAD2199B634D00A1F96B /* Foundation.framework */ = {isa = PBXFileReference; lastKnownFileType = wrapper.framework; name = Foundation.framework; path = System/Library/Frameworks/Foundation.framework; sourceTree = SDKROOT; };
		419ABAD4199B634D00A1F96B /* CoreGraphics.framework */ = {isa = PBXFileReference; lastKnownFileType = wrapper.framework; name = CoreGraphics.framework; path = System/Library/Frameworks/CoreGraphics.framework; sourceTree = SDKROOT; };
		419ABAD6199B634D00A1F96B /* UIKit.framework */ = {isa = PBXFileReference; lastKnownFileType = wrapper.framework; name = UIKit.framework; path = System/Library/Frameworks/UIKit.framework; sourceTree = SDKROOT; };
		419ABADA199B634D00A1F96B /* ConnectTheDots-Info.plist */ = {isa = PBXFileReference; lastKnownFileType = text.plist.xml; path = "ConnectTheDots-Info.plist"; sourceTree = "<group>"; };
		419ABADC199B634D00A1F96B /* en */ = {isa = PBXFileReference; lastKnownFileType = text.plist.strings; name = en; path = en.lproj/InfoPlist.strings; sourceTree = "<group>"; };
		419ABADE199B634D00A1F96B /* main.m */ = {isa = PBXFileReference; lastKnownFileType = sourcecode.c.objc; path = main.m; sourceTree = "<group>"; };
		419ABAE0199B634D00A1F96B /* ConnectTheDots-Prefix.pch */ = {isa = PBXFileReference; lastKnownFileType = sourcecode.c.h; path = "ConnectTheDots-Prefix.pch"; sourceTree = "<group>"; };
		419ABAE1199B634D00A1F96B /* AppDelegate.h */ = {isa = PBXFileReference; lastKnownFileType = sourcecode.c.h; path = AppDelegate.h; sourceTree = "<group>"; };
		419ABAE2199B634D00A1F96B /* AppDelegate.m */ = {isa = PBXFileReference; lastKnownFileType = sourcecode.c.objc; path = AppDelegate.m; sourceTree = "<group>"; };
		419ABAE5199B634D00A1F96B /* Base */ = {isa = PBXFileReference; lastKnownFileType = file.storyboard; name = Base; path = Base.lproj/Main.storyboard; sourceTree = "<group>"; };
		419ABAE7199B634D00A1F96B /* ViewController.h */ = {isa = PBXFileReference; lastKnownFileType = sourcecode.c.h; path = ViewController.h; sourceTree = "<group>"; };
		419ABAE8199B634D00A1F96B /* ViewController.m */ = {isa = PBXFileReference; lastKnownFileType = sourcecode.c.objc; path = ViewController.m; sourceTree = "<group>"; };
		419ABAEA199B634D00A1F96B /* Images.xcassets */ = {isa = PBXFileReference; lastKnownFileType = folder.assetcatalog; path = Images.xcassets; sourceTree = "<group>"; };
		419ABAF0199B634D00A1F96B /* ConnectTheDotsTests.xctest */ = {isa = PBXFileReference; explicitFileType = wrapper.cfbundle; includeInIndex = 0; path = ConnectTheDotsTests.xctest; sourceTree = BUILT_PRODUCTS_DIR; };
		419ABAF1199B634D00A1F96B /* XCTest.framework */ = {isa = PBXFileReference; lastKnownFileType = wrapper.framework; name = XCTest.framework; path = Library/Frameworks/XCTest.framework; sourceTree = DEVELOPER_DIR; };
		419ABAF9199B634D00A1F96B /* ConnectTheDotsTests-Info.plist */ = {isa = PBXFileReference; lastKnownFileType = text.plist.xml; path = "ConnectTheDotsTests-Info.plist"; sourceTree = "<group>"; };
		419ABAFB199B634D00A1F96B /* en */ = {isa = PBXFileReference; lastKnownFileType = text.plist.strings; name = en; path = en.lproj/InfoPlist.strings; sourceTree = "<group>"; };
		419ABAFD199B634D00A1F96B /* ConnectTheDotsTests.m */ = {isa = PBXFileReference; lastKnownFileType = sourcecode.c.objc; path = ConnectTheDotsTests.m; sourceTree = "<group>"; };
		419ABB07199B63C800A1F96B /* DrawingCanvas.h */ = {isa = PBXFileReference; fileEncoding = 4; lastKnownFileType = sourcecode.c.h; name = DrawingCanvas.h; path = ../DrawingCanvas.h; sourceTree = "<group>"; };
		419ABB08199B63C800A1F96B /* DrawingCanvas.m */ = {isa = PBXFileReference; fileEncoding = 4; lastKnownFileType = sourcecode.c.objc; name = DrawingCanvas.m; path = ../DrawingCanvas.m; sourceTree = "<group>"; };
		419ABB0A199B647D00A1F96B /* bg.png */ = {isa = PBXFileReference; lastKnownFileType = image.png; path = bg.png; sourceTree = "<group>"; };
		419ABB0B199B647D00A1F96B /* blank strip.png */ = {isa = PBXFileReference; lastKnownFileType = image.png; path = "blank strip.png"; sourceTree = "<group>"; };
		419ABB0C199B647D00A1F96B /* dot.png */ = {isa = PBXFileReference; lastKnownFileType = image.png; path = dot.png; sourceTree = "<group>"; };
		419ABB0D199B647D00A1F96B /* game screen.png */ = {isa = PBXFileReference; lastKnownFileType = image.png; path = "game screen.png"; sourceTree = "<group>"; };
		419ABB0E199B647D00A1F96B /* instruction button.png */ = {isa = PBXFileReference; lastKnownFileType = image.png; path = "instruction button.png"; sourceTree = "<group>"; };
		419ABB0F199B647D00A1F96B /* main button.png */ = {isa = PBXFileReference; lastKnownFileType = image.png; path = "main button.png"; sourceTree = "<group>"; };
		419ABB10199B647D00A1F96B /* msgs.png */ = {isa = PBXFileReference; lastKnownFileType = image.png; path = msgs.png; sourceTree = "<group>"; };
		419ABB11199B647D00A1F96B /* restart.png */ = {isa = PBXFileReference; lastKnownFileType = image.png; path = restart.png; sourceTree = "<group>"; };
		419ABB12199B647D00A1F96B /* splash screen.png */ = {isa = PBXFileReference; lastKnownFileType = image.png; path = "splash screen.png"; sourceTree = "<group>"; };
		419ABB1C199BF85000A1F96B /* Marbloro.mp4 */ = {isa = PBXFileReference; lastKnownFileType = file; path = Marbloro.mp4; sourceTree = "<group>"; };
		419ABB1E199BFB8100A1F96B /* AVFoundation.framework */ = {isa = PBXFileReference; lastKnownFileType = wrapper.framework; name = AVFoundation.framework; path = System/Library/Frameworks/AVFoundation.framework; sourceTree = SDKROOT; };
/* End PBXFileReference section */

/* Begin PBXFrameworksBuildPhase section */
		419ABACC199B634D00A1F96B /* Frameworks */ = {
			isa = PBXFrameworksBuildPhase;
			buildActionMask = 2147483647;
			files = (
				419ABB1F199BFB8100A1F96B /* AVFoundation.framework in Frameworks */,
				419ABAD5199B634D00A1F96B /* CoreGraphics.framework in Frameworks */,
				419ABAD7199B634D00A1F96B /* UIKit.framework in Frameworks */,
				419ABAD3199B634D00A1F96B /* Foundation.framework in Frameworks */,
			);
			runOnlyForDeploymentPostprocessing = 0;
		};
		419ABAED199B634D00A1F96B /* Frameworks */ = {
			isa = PBXFrameworksBuildPhase;
			buildActionMask = 2147483647;
			files = (
				419ABAF2199B634D00A1F96B /* XCTest.framework in Frameworks */,
				419ABAF4199B634D00A1F96B /* UIKit.framework in Frameworks */,
				419ABAF3199B634D00A1F96B /* Foundation.framework in Frameworks */,
			);
			runOnlyForDeploymentPostprocessing = 0;
		};
/* End PBXFrameworksBuildPhase section */

/* Begin PBXGroup section */
		419ABAC6199B634D00A1F96B = {
			isa = PBXGroup;
			children = (
				419ABAD8199B634D00A1F96B /* ConnectTheDots */,
				419ABAF7199B634D00A1F96B /* ConnectTheDotsTests */,
				419ABAD1199B634D00A1F96B /* Frameworks */,
				419ABAD0199B634D00A1F96B /* Products */,
			);
			sourceTree = "<group>";
		};
		419ABAD0199B634D00A1F96B /* Products */ = {
			isa = PBXGroup;
			children = (
				419ABACF199B634D00A1F96B /* ConnectTheDots.app */,
				419ABAF0199B634D00A1F96B /* ConnectTheDotsTests.xctest */,
			);
			name = Products;
			sourceTree = "<group>";
		};
		419ABAD1199B634D00A1F96B /* Frameworks */ = {
			isa = PBXGroup;
			children = (
				419ABB1E199BFB8100A1F96B /* AVFoundation.framework */,
				419ABAD2199B634D00A1F96B /* Foundation.framework */,
				419ABAD4199B634D00A1F96B /* CoreGraphics.framework */,
				419ABAD6199B634D00A1F96B /* UIKit.framework */,
				419ABAF1199B634D00A1F96B /* XCTest.framework */,
			);
			name = Frameworks;
			sourceTree = "<group>";
		};
		419ABAD8199B634D00A1F96B /* ConnectTheDots */ = {
			isa = PBXGroup;
			children = (
				419ABAE1199B634D00A1F96B /* AppDelegate.h */,
				419ABAE2199B634D00A1F96B /* AppDelegate.m */,
				419ABAE4199B634D00A1F96B /* Main.storyboard */,
				419ABB07199B63C800A1F96B /* DrawingCanvas.h */,
				419ABB08199B63C800A1F96B /* DrawingCanvas.m */,
				419ABAE7199B634D00A1F96B /* ViewController.h */,
				419ABAE8199B634D00A1F96B /* ViewController.m */,
				419ABAEA199B634D00A1F96B /* Images.xcassets */,
				419ABAD9199B634D00A1F96B /* Supporting Files */,
			);
			path = ConnectTheDots;
			sourceTree = "<group>";
		};
		419ABAD9199B634D00A1F96B /* Supporting Files */ = {
			isa = PBXGroup;
			children = (
				419ABB1C199BF85000A1F96B /* Marbloro.mp4 */,
				419ABB0A199B647D00A1F96B /* bg.png */,
				419ABB0B199B647D00A1F96B /* blank strip.png */,
				419ABB0C199B647D00A1F96B /* dot.png */,
				419ABB0D199B647D00A1F96B /* game screen.png */,
				419ABB0E199B647D00A1F96B /* instruction button.png */,
				419ABB0F199B647D00A1F96B /* main button.png */,
				419ABB10199B647D00A1F96B /* msgs.png */,
				419ABB11199B647D00A1F96B /* restart.png */,
				419ABB12199B647D00A1F96B /* splash screen.png */,
				419ABADA199B634D00A1F96B /* ConnectTheDots-Info.plist */,
				419ABADB199B634D00A1F96B /* InfoPlist.strings */,
				419ABADE199B634D00A1F96B /* main.m */,
				419ABAE0199B634D00A1F96B /* ConnectTheDots-Prefix.pch */,
			);
			name = "Supporting Files";
			sourceTree = "<group>";
		};
		419ABAF7199B634D00A1F96B /* ConnectTheDotsTests */ = {
			isa = PBXGroup;
			children = (
				419ABAFD199B634D00A1F96B /* ConnectTheDotsTests.m */,
				419ABAF8199B634D00A1F96B /* Supporting Files */,
			);
			path = ConnectTheDotsTests;
			sourceTree = "<group>";
		};
		419ABAF8199B634D00A1F96B /* Supporting Files */ = {
			isa = PBXGroup;
			children = (
				419ABAF9199B634D00A1F96B /* ConnectTheDotsTests-Info.plist */,
				419ABAFA199B634D00A1F96B /* InfoPlist.strings */,
			);
			name = "Supporting Files";
			sourceTree = "<group>";
		};
/* End PBXGroup section */

/* Begin PBXNativeTarget section */
		419ABACE199B634D00A1F96B /* ConnectTheDots */ = {
			isa = PBXNativeTarget;
			buildConfigurationList = 419ABB01199B634D00A1F96B /* Build configuration list for PBXNativeTarget "ConnectTheDots" */;
			buildPhases = (
				419ABACB199B634D00A1F96B /* Sources */,
				419ABACC199B634D00A1F96B /* Frameworks */,
				419ABACD199B634D00A1F96B /* Resources */,
			);
			buildRules = (
			);
			dependencies = (
			);
			name = ConnectTheDots;
			productName = ConnectTheDots;
			productReference = 419ABACF199B634D00A1F96B /* ConnectTheDots.app */;
			productType = "com.apple.product-type.application";
		};
		419ABAEF199B634D00A1F96B /* ConnectTheDotsTests */ = {
			isa = PBXNativeTarget;
			buildConfigurationList = 419ABB04199B634D00A1F96B /* Build configuration list for PBXNativeTarget "ConnectTheDotsTests" */;
			buildPhases = (
				419ABAEC199B634D00A1F96B /* Sources */,
				419ABAED199B634D00A1F96B /* Frameworks */,
				419ABAEE199B634D00A1F96B /* Resources */,
			);
			buildRules = (
			);
			dependencies = (
				419ABAF6199B634D00A1F96B /* PBXTargetDependency */,
			);
			name = ConnectTheDotsTests;
			productName = ConnectTheDotsTests;
			productReference = 419ABAF0199B634D00A1F96B /* ConnectTheDotsTests.xctest */;
			productType = "com.apple.product-type.bundle.unit-test";
		};
/* End PBXNativeTarget section */

/* Begin PBXProject section */
		419ABAC7199B634D00A1F96B /* Project object */ = {
			isa = PBXProject;
			attributes = {
				LastUpgradeCheck = 0510;
				ORGANIZATIONNAME = VertexSoft;
				TargetAttributes = {
					419ABAEF199B634D00A1F96B = {
						TestTargetID = 419ABACE199B634D00A1F96B;
					};
				};
			};
			buildConfigurationList = 419ABACA199B634D00A1F96B /* Build configuration list for PBXProject "ConnectTheDots" */;
			compatibilityVersion = "Xcode 3.2";
			developmentRegion = English;
			hasScannedForEncodings = 0;
			knownRegions = (
				en,
				Base,
			);
			mainGroup = 419ABAC6199B634D00A1F96B;
			productRefGroup = 419ABAD0199B634D00A1F96B /* Products */;
			projectDirPath = "";
			projectRoot = "";
			targets = (
				419ABACE199B634D00A1F96B /* ConnectTheDots */,
				419ABAEF199B634D00A1F96B /* ConnectTheDotsTests */,
			);
		};
/* End PBXProject section */

/* Begin PBXResourcesBuildPhase section */
		419ABACD199B634D00A1F96B /* Resources */ = {
			isa = PBXResourcesBuildPhase;
			buildActionMask = 2147483647;
			files = (
				419ABB1A199B647D00A1F96B /* restart.png in Resources */,
				419ABB14199B647D00A1F96B /* blank strip.png in Resources */,
				419ABB19199B647D00A1F96B /* msgs.png in Resources */,
				419ABB1B199B647D00A1F96B /* splash screen.png in Resources */,
				419ABAEB199B634D00A1F96B /* Images.xcassets in Resources */,
				419ABB1D199BF85000A1F96B /* Marbloro.mp4 in Resources */,
				419ABADD199B634D00A1F96B /* InfoPlist.strings in Resources */,
				419ABB15199B647D00A1F96B /* dot.png in Resources */,
				419ABB13199B647D00A1F96B /* bg.png in Resources */,
				419ABB16199B647D00A1F96B /* game screen.png in Resources */,
				419ABAE6199B634D00A1F96B /* Main.storyboard in Resources */,
				419ABB17199B647D00A1F96B /* instruction button.png in Resources */,
				419ABB18199B647D00A1F96B /* main button.png in Resources */,
			);
			runOnlyForDeploymentPostprocessing = 0;
		};
		419ABAEE199B634D00A1F96B /* Resources */ = {
			isa = PBXResourcesBuildPhase;
			buildActionMask = 2147483647;
			files = (
				419ABAFC199B634D00A1F96B /* InfoPlist.strings in Resources */,
			);
			runOnlyForDeploymentPostprocessing = 0;
		};
/* End PBXResourcesBuildPhase section */

/* Begin PBXSourcesBuildPhase section */
		419ABACB199B634D00A1F96B /* Sources */ = {
			isa = PBXSourcesBuildPhase;
			buildActionMask = 2147483647;
			files = (
				419ABAE9199B634D00A1F96B /* ViewController.m in Sources */,
				419ABAE3199B634D00A1F96B /* AppDelegate.m in Sources */,
				419ABB09199B63C800A1F96B /* DrawingCanvas.m in Sources */,
				419ABADF199B634D00A1F96B /* main.m in Sources */,
			);
			runOnlyForDeploymentPostprocessing = 0;
		};
		419ABAEC199B634D00A1F96B /* Sources */ = {
			isa = PBXSourcesBuildPhase;
			buildActionMask = 2147483647;
			files = (
				419ABAFE199B634D00A1F96B /* ConnectTheDotsTests.m in Sources */,
			);
			runOnlyForDeploymentPostprocessing = 0;
		};
/* End PBXSourcesBuildPhase section */

/* Begin PBXTargetDependency section */
		419ABAF6199B634D00A1F96B /* PBXTargetDependency */ = {
			isa = PBXTargetDependency;
			target = 419ABACE199B634D00A1F96B /* ConnectTheDots */;
			targetProxy = 419ABAF5199B634D00A1F96B /* PBXContainerItemProxy */;
		};
/* End PBXTargetDependency section */

/* Begin PBXVariantGroup section */
		419ABADB199B634D00A1F96B /* InfoPlist.strings */ = {
			isa = PBXVariantGroup;
			children = (
				419ABADC199B634D00A1F96B /* en */,
			);
			name = InfoPlist.strings;
			sourceTree = "<group>";
		};
		419ABAE4199B634D00A1F96B /* Main.storyboard */ = {
			isa = PBXVariantGroup;
			children = (
				419ABAE5199B634D00A1F96B /* Base */,
			);
			name = Main.storyboard;
			sourceTree = "<group>";
		};
		419ABAFA199B634D00A1F96B /* InfoPlist.strings */ = {
			isa = PBXVariantGroup;
			children = (
				419ABAFB199B634D00A1F96B /* en */,
			);
			name = InfoPlist.strings;
			sourceTree = "<group>";
		};
/* End PBXVariantGroup section */

/* Begin XCBuildConfiguration section */
		419ABAFF199B634D00A1F96B /* Debug */ = {
			isa = XCBuildConfiguration;
			buildSettings = {
				ALWAYS_SEARCH_USER_PATHS = NO;
				CLANG_CXX_LANGUAGE_STANDARD = "gnu++0x";
				CLANG_CXX_LIBRARY = "libc++";
				CLANG_ENABLE_MODULES = YES;
				CLANG_ENABLE_OBJC_ARC = YES;
				CLANG_WARN_BOOL_CONVERSION = YES;
				CLANG_WARN_CONSTANT_CONVERSION = YES;
				CLANG_WARN_DIRECT_OBJC_ISA_USAGE = YES_ERROR;
				CLANG_WARN_EMPTY_BODY = YES;
				CLANG_WARN_ENUM_CONVERSION = YES;
				CLANG_WARN_INT_CONVERSION = YES;
				CLANG_WARN_OBJC_ROOT_CLASS = YES_ERROR;
				CLANG_WARN__DUPLICATE_METHOD_MATCH = YES;
				"CODE_SIGN_IDENTITY[sdk=iphoneos*]" = "iPhone Developer";
				COPY_PHASE_STRIP = NO;
				GCC_C_LANGUAGE_STANDARD = gnu99;
				GCC_DYNAMIC_NO_PIC = NO;
				GCC_OPTIMIZATION_LEVEL = 0;
				GCC_PREPROCESSOR_DEFINITIONS = (
					"DEBUG=1",
					"$(inherited)",
				);
				GCC_SYMBOLS_PRIVATE_EXTERN = NO;
				GCC_WARN_64_TO_32_BIT_CONVERSION = YES;
				GCC_WARN_ABOUT_RETURN_TYPE = YES_ERROR;
				GCC_WARN_UNDECLARED_SELECTOR = YES;
				GCC_WARN_UNINITIALIZED_AUTOS = YES_AGGRESSIVE;
				GCC_WARN_UNUSED_FUNCTION = YES;
				GCC_WARN_UNUSED_VARIABLE = YES;
				IPHONEOS_DEPLOYMENT_TARGET = 7.1;
				ONLY_ACTIVE_ARCH = YES;
				SDKROOT = iphoneos;
				TARGETED_DEVICE_FAMILY = 2;
			};
			name = Debug;
		};
		419ABB00199B634D00A1F96B /* Release */ = {
			isa = XCBuildConfiguration;
			buildSettings = {
				ALWAYS_SEARCH_USER_PATHS = NO;
				CLANG_CXX_LANGUAGE_STANDARD = "gnu++0x";
				CLANG_CXX_LIBRARY = "libc++";
				CLANG_ENABLE_MODULES = YES;
				CLANG_ENABLE_OBJC_ARC = YES;
				CLANG_WARN_BOOL_CONVERSION = YES;
				CLANG_WARN_CONSTANT_CONVERSION = YES;
				CLANG_WARN_DIRECT_OBJC_ISA_USAGE = YES_ERROR;
				CLANG_WARN_EMPTY_BODY = YES;
				CLANG_WARN_ENUM_CONVERSION = YES;
				CLANG_WARN_INT_CONVERSION = YES;
				CLANG_WARN_OBJC_ROOT_CLASS = YES_ERROR;
				CLANG_WARN__DUPLICATE_METHOD_MATCH = YES;
				"CODE_SIGN_IDENTITY[sdk=iphoneos*]" = "iPhone Developer";
				COPY_PHASE_STRIP = YES;
				ENABLE_NS_ASSERTIONS = NO;
				GCC_C_LANGUAGE_STANDARD = gnu99;
				GCC_WARN_64_TO_32_BIT_CONVERSION = YES;
				GCC_WARN_ABOUT_RETURN_TYPE = YES_ERROR;
				GCC_WARN_UNDECLARED_SELECTOR = YES;
				GCC_WARN_UNINITIALIZED_AUTOS = YES_AGGRESSIVE;
				GCC_WARN_UNUSED_FUNCTION = YES;
				GCC_WARN_UNUSED_VARIABLE = YES;
				IPHONEOS_DEPLOYMENT_TARGET = 7.1;
				SDKROOT = iphoneos;
				TARGETED_DEVICE_FAMILY = 2;
				VALIDATE_PRODUCT = YES;
			};
			name = Release;
		};
		419ABB02199B634D00A1F96B /* Debug */ = {
			isa = XCBuildConfiguration;
			buildSettings = {
				ASSETCATALOG_COMPILER_APPICON_NAME = AppIcon;
				ASSETCATALOG_COMPILER_LAUNCHIMAGE_NAME = LaunchImage;
				GCC_PRECOMPILE_PREFIX_HEADER = YES;
				GCC_PREFIX_HEADER = "ConnectTheDots/ConnectTheDots-Prefix.pch";
				INFOPLIST_FILE = "ConnectTheDots/ConnectTheDots-Info.plist";
				PRODUCT_NAME = "$(TARGET_NAME)";
				WRAPPER_EXTENSION = app;
			};
			name = Debug;
		};
		419ABB03199B634D00A1F96B /* Release */ = {
			isa = XCBuildConfiguration;
			buildSettings = {
				ASSETCATALOG_COMPILER_APPICON_NAME = AppIcon;
				ASSETCATALOG_COMPILER_LAUNCHIMAGE_NAME = LaunchImage;
				GCC_PRECOMPILE_PREFIX_HEADER = YES;
				GCC_PREFIX_HEADER = "ConnectTheDots/ConnectTheDots-Prefix.pch";
				INFOPLIST_FILE = "ConnectTheDots/ConnectTheDots-Info.plist";
				PRODUCT_NAME = "$(TARGET_NAME)";
				WRAPPER_EXTENSION = app;
			};
			name = Release;
		};
		419ABB05199B634D00A1F96B /* Debug */ = {
			isa = XCBuildConfiguration;
			buildSettings = {
				BUNDLE_LOADER = "$(BUILT_PRODUCTS_DIR)/ConnectTheDots.app/ConnectTheDots";
				FRAMEWORK_SEARCH_PATHS = (
					"$(SDKROOT)/Developer/Library/Frameworks",
					"$(inherited)",
					"$(DEVELOPER_FRAMEWORKS_DIR)",
				);
				GCC_PRECOMPILE_PREFIX_HEADER = YES;
				GCC_PREFIX_HEADER = "ConnectTheDots/ConnectTheDots-Prefix.pch";
				GCC_PREPROCESSOR_DEFINITIONS = (
					"DEBUG=1",
					"$(inherited)",
				);
				INFOPLIST_FILE = "ConnectTheDotsTests/ConnectTheDotsTests-Info.plist";
				PRODUCT_NAME = "$(TARGET_NAME)";
				TEST_HOST = "$(BUNDLE_LOADER)";
				WRAPPER_EXTENSION = xctest;
			};
			name = Debug;
		};
		419ABB06199B634D00A1F96B /* Release */ = {
			isa = XCBuildConfiguration;
			buildSettings = {
				BUNDLE_LOADER = "$(BUILT_PRODUCTS_DIR)/ConnectTheDots.app/ConnectTheDots";
				FRAMEWORK_SEARCH_PATHS = (
					"$(SDKROOT)/Developer/Library/Frameworks",
					"$(inherited)",
					"$(DEVELOPER_FRAMEWORKS_DIR)",
				);
				GCC_PRECOMPILE_PREFIX_HEADER = YES;
				GCC_PREFIX_HEADER = "ConnectTheDots/ConnectTheDots-Prefix.pch";
				INFOPLIST_FILE = "ConnectTheDotsTests/ConnectTheDotsTests-Info.plist";
				PRODUCT_NAME = "$(TARGET_NAME)";
				TEST_HOST = "$(BUNDLE_LOADER)";
				WRAPPER_EXTENSION = xctest;
			};
			name = Release;
		};
/* End XCBuildConfiguration section */

/* Begin XCConfigurationList section */
		419ABACA199B634D00A1F96B /* Build configuration list for PBXProject "ConnectTheDots" */ = {
			isa = XCConfigurationList;
			buildConfigurations = (
				419ABAFF199B634D00A1F96B /* Debug */,
				419ABB00199B634D00A1F96B /* Release */,
			);
			defaultConfigurationIsVisible = 0;
			defaultConfigurationName = Release;
		};
		419ABB01199B634D00A1F96B /* Build configuration list for PBXNativeTarget "ConnectTheDots" */ = {
			isa = XCConfigurationList;
			buildConfigurations = (
				419ABB02199B634D00A1F96B /* Debug */,
				419ABB03199B634D00A1F96B /* Release */,
			);
			defaultConfigurationIsVisible = 0;
		};
		419ABB04199B634D00A1F96B /* Build configuration list for PBXNativeTarget "ConnectTheDotsTests" */ = {
			isa = XCConfigurationList;
			buildConfigurations = (
				419ABB05199B634D00A1F96B /* Debug */,
				419ABB06199B634D00A1F96B /* Release */,
			);
			defaultConfigurationIsVisible = 0;
		};
/* End XCConfigurationList section */
	};
	rootObject = 419ABAC7199B634D00A1F96B /* Project object */;
}
